
Microsoft Visual Studio Solution File, Format Version 12.00
# Visual Studio Version 16
VisualStudioVersion = 16.0.30011.22
MinimumVisualStudioVersion = 10.0.40219.1
Project("{FAE04EC0-301F-11D3-BF4B-00C04F79EFBC}") = "Okulveritabaninaerisim", "Okulveritabaninaerisim\Okulveritabaninaerisim.csproj", "{C2169C88-D1E0-4F4F-B530-22BD7934A3C5}"
EndProject
Global
	GlobalSection(SolutionConfigurationPlatforms) = preSolution
		Debug|Any CPU = Debug|Any CPU
		Release|Any CPU = Release|Any CPU
	EndGlobalSection
	GlobalSection(ProjectConfigurationPlatforms) = postSolution
		{C2169C88-D1E0-4F4F-B530-22BD7934A3C5}.Debug|Any CPU.ActiveCfg = Debug|Any CPU
		{C2169C88-D1E0-4F4F-B530-22BD7934A3C5}.Debug|Any CPU.Build.0 = Debug|Any CPU
		{C2169C88-D1E0-4F4F-B530-22BD7934A3C5}.Release|Any CPU.ActiveCfg = Release|Any CPU
		{C2169C88-D1E0-4F4F-B530-22BD7934A3C5}.Release|Any CPU.Build.0 = Release|Any CPU
	EndGlobalSection
	GlobalSection(SolutionProperties) = preSolution
		HideSolutionNode = FALSE
	EndGlobalSection
	GlobalSection(ExtensibilityGlobals) = postSolution
		SolutionGuid = {3BDC0D67-6FAB-441A-98B5-2D79C2307C47}
	EndGlobalSection
EndGlobal
